
Microsoft Visual Studio Solution File, Format Version 12.00
# Visual Studio Version 16
VisualStudioVersion = 16.0.30907.101
MinimumVisualStudioVersion = 10.0.40219.1
Project("{FAE04EC0-301F-11D3-BF4B-00C04F79EFBC}") = "AIO App", "QR App\AIO App.csproj", "{8BEB9D1A-A142-436F-B078-8D7B15B76B8F}"
EndProject
Global
	GlobalSection(SolutionConfigurationPlatforms) = preSolution
		Debug|Any CPU = Debug|Any CPU
		Release|Any CPU = Release|Any CPU
	EndGlobalSection
	GlobalSection(ProjectConfigurationPlatforms) = postSolution
		{8BEB9D1A-A142-436F-B078-8D7B15B76B8F}.Debug|Any CPU.ActiveCfg = Debug|Any CPU
		{8BEB9D1A-A142-436F-B078-8D7B15B76B8F}.Debug|Any CPU.Build.0 = Debug|Any CPU
		{8BEB9D1A-A142-436F-B078-8D7B15B76B8F}.Debug|Any CPU.Deploy.0 = Debug|Any CPU
		{8BEB9D1A-A142-436F-B078-8D7B15B76B8F}.Release|Any CPU.ActiveCfg = Release|Any CPU
		{8BEB9D1A-A142-436F-B078-8D7B15B76B8F}.Release|Any CPU.Build.0 = Release|Any CPU
		{8BEB9D1A-A142-436F-B078-8D7B15B76B8F}.Release|Any CPU.Deploy.0 = Release|Any CPU
	EndGlobalSection
	GlobalSection(SolutionProperties) = preSolution
		HideSolutionNode = FALSE
	EndGlobalSection
	GlobalSection(ExtensibilityGlobals) = postSolution
		SolutionGuid = {B9B9791E-0D17-441C-B0A4-38464E9F6255}
	EndGlobalSection
EndGlobal
